<?xml version="1.0" encoding="utf-8"?>
<Project ToolsVersion="4.0" xmlns="http://schemas.microsoft.com/developer/msbuild/2003">
  <ItemGroup>
    <Filter Include="Source Files">
      <UniqueIdentifier>{b1b3eaa3-6c81-4879-b7fa-ad2121426fab}</UniqueIdentifier>
    </Filter>
  </ItemGroup>
  <ItemGroup>
    <ClCompile Include="qtest.c">
      <Filter>Source Files</Filter>
    </ClCompile>
  </ItemGroup>
</Project>